{
  "version": 4,
  "terraform_version": "1.7.2",
  "serial": 3,
  "lineage": "55a6a6da-ba20-325f-513e-711c788b0720",
  "outputs": {},
  "resources": [
    {
      "module": "module.computeEngine[0]",
      "mode": "managed",
      "type": "google_compute_instance",
      "name": "my_instance",
      "provider": "provider[\"registry.terraform.io/hashicorp/google\"]",
      "instances": [
        {
          "schema_version": 6,
          "attributes": {
            "advanced_machine_features": [],
            "allow_stopping_for_update": null,
            "attached_disk": [],
            "boot_disk": [
              {
                "auto_delete": true,
                "device_name": "persistent-disk-0",
                "disk_encryption_key_raw": "",
                "disk_encryption_key_sha256": "",
                "initialize_params": [
                  {
                    "enable_confidential_compute": false,
                    "image": "https://www.googleapis.com/compute/v1/projects/ml-images/global/images/c0-deeplearning-common-cu113-v20230925-debian-10",
                    "labels": {
                      "environment": "dev"
                    },
                    "provisioned_iops": 0,
                    "provisioned_throughput": 0,
                    "resource_manager_tags": null,
                    "size": 50,
                    "type": "pd-standard"
                  }
                ],
                "kms_key_self_link": "",
                "mode": "READ_WRITE",
                "source": "https://www.googleapis.com/compute/v1/projects/prj-diameterhealth-working/zones/us-central1-b/disks/q-insmed-instance"
              }
            ],
            "can_ip_forward": false,
            "confidential_instance_config": [],
            "cpu_platform": "Intel Haswell",
            "current_status": "RUNNING",
            "deletion_protection": false,
            "description": "",
            "desired_status": null,
            "effective_labels": {},
            "enable_display": false,
            "guest_accelerator": [
              {
                "count": 1,
                "type": "https://www.googleapis.com/compute/v1/projects/prj-diameterhealth-working/zones/us-central1-b/acceleratorTypes/nvidia-tesla-v100"
              }
            ],
            "hostname": "",
            "id": "projects/prj-diameterhealth-working/zones/us-central1-b/instances/q-insmed-instance",
            "instance_id": "5667867034260865690",
            "label_fingerprint": "42WmSpB8rSM=",
            "labels": null,
            "machine_type": "custom-8-53248",
            "metadata": null,
            "metadata_fingerprint": "n6ILc5hBKLg=",
            "metadata_startup_script": null,
            "min_cpu_platform": "",
            "name": "q-insmed-instance",
            "network_interface": [
              {
                "access_config": [],
                "alias_ip_range": [],
                "internal_ipv6_prefix_length": 0,
                "ipv6_access_config": [],
                "ipv6_access_type": "",
                "ipv6_address": "",
                "name": "nic0",
                "network": "https://www.googleapis.com/compute/v1/projects/prj-diameterhealth-working/global/networks/vpc-on-prem",
                "network_ip": "10.1.1.2",
                "nic_type": "",
                "queue_count": 0,
                "stack_type": "IPV4_ONLY",
                "subnetwork": "https://www.googleapis.com/compute/v1/projects/prj-diameterhealth-working/regions/us-central1/subnetworks/vpc-on-prem-us-central1",
                "subnetwork_project": "prj-diameterhealth-working"
              }
            ],
            "network_performance_config": [],
            "params": [],
            "project": "prj-diameterhealth-working",
            "reservation_affinity": [],
            "resource_policies": null,
            "scheduling": [
              {
                "automatic_restart": true,
                "instance_termination_action": "",
                "local_ssd_recovery_timeout": [],
                "min_node_cpus": 0,
                "node_affinities": [],
                "on_host_maintenance": "TERMINATE",
                "preemptible": false,
                "provisioning_model": "STANDARD"
              }
            ],
            "scratch_disk": [],
            "self_link": "https://www.googleapis.com/compute/v1/projects/prj-diameterhealth-working/zones/us-central1-b/instances/q-insmed-instance",
            "service_account": [],
            "shielded_instance_config": [
              {
                "enable_integrity_monitoring": true,
                "enable_secure_boot": false,
                "enable_vtpm": true
              }
            ],
            "tags": null,
            "tags_fingerprint": "42WmSpB8rSM=",
            "terraform_labels": {},
            "timeouts": null,
            "zone": "us-central1-b"
          },
          "sensitive_attributes": [],
          "private": "eyJlMmJmYjczMC1lY2FhLTExZTYtOGY4OC0zNDM2M2JjN2M0YzAiOnsiY3JlYXRlIjoxMjAwMDAwMDAwMDAwLCJkZWxldGUiOjEyMDAwMDAwMDAwMDAsInVwZGF0ZSI6MTIwMDAwMDAwMDAwMH0sInNjaGVtYV92ZXJzaW9uIjoiNiJ9"
        }
      ]
    }
  ],
  "check_results": null
}
